
Microsoft Visual Studio Solution File, Format Version 12.00
# Visual Studio Version 16
VisualStudioVersion = 16.0.29306.81
MinimumVisualStudioVersion = 10.0.40219.1
Project("{9A19103F-16F7-4668-BE54-9A1E7A4F7556}") = "APIGateway", "APIGateway\APIGateway.csproj", "{310C9EF7-D7A9-4C5C-910C-0A59E955DA13}"
EndProject
Project("{FAE04EC0-301F-11D3-BF4B-00C04F79EFBC}") = "APIGatewayTest", "APIGatewayTest\APIGatewayTest.csproj", "{B1CC327B-B975-4EC4-B0E4-EA1A29E7C052}"
EndProject
Global
	GlobalSection(SolutionConfigurationPlatforms) = preSolution
		Debug|Any CPU = Debug|Any CPU
		Release|Any CPU = Release|Any CPU
	EndGlobalSection
	GlobalSection(ProjectConfigurationPlatforms) = postSolution
		{310C9EF7-D7A9-4C5C-910C-0A59E955DA13}.Debug|Any CPU.ActiveCfg = Debug|Any CPU
		{310C9EF7-D7A9-4C5C-910C-0A59E955DA13}.Debug|Any CPU.Build.0 = Debug|Any CPU
		{310C9EF7-D7A9-4C5C-910C-0A59E955DA13}.Release|Any CPU.ActiveCfg = Release|Any CPU
		{310C9EF7-D7A9-4C5C-910C-0A59E955DA13}.Release|Any CPU.Build.0 = Release|Any CPU
		{B1CC327B-B975-4EC4-B0E4-EA1A29E7C052}.Debug|Any CPU.ActiveCfg = Debug|Any CPU
		{B1CC327B-B975-4EC4-B0E4-EA1A29E7C052}.Debug|Any CPU.Build.0 = Debug|Any CPU
		{B1CC327B-B975-4EC4-B0E4-EA1A29E7C052}.Release|Any CPU.ActiveCfg = Release|Any CPU
		{B1CC327B-B975-4EC4-B0E4-EA1A29E7C052}.Release|Any CPU.Build.0 = Release|Any CPU
	EndGlobalSection
	GlobalSection(SolutionProperties) = preSolution
		HideSolutionNode = FALSE
	EndGlobalSection
	GlobalSection(ExtensibilityGlobals) = postSolution
		SolutionGuid = {6AAF04DD-8D61-459F-9DE7-D726A24877EB}
	EndGlobalSection
EndGlobal
